
Microsoft Visual Studio Solution File, Format Version 12.00
# Visual Studio 15
VisualStudioVersion = 15.0.26124.0
MinimumVisualStudioVersion = 15.0.26124.0
Project("{FAE04EC0-301F-11D3-BF4B-00C04F79EFBC}") = "testing_tdd.CLI", "testing_tdd.CLI\testing_tdd.CLI.csproj", "{ED19020C-6BE0-4CFC-AFC1-44A06F839396}"
EndProject
Project("{FAE04EC0-301F-11D3-BF4B-00C04F79EFBC}") = "testing_tdd.Tests", "testing_tdd.Tests\testing_tdd.Tests.csproj", "{A8B435A1-EF70-496F-845E-894D0711F303}"
EndProject
Global
	GlobalSection(SolutionConfigurationPlatforms) = preSolution
		Debug|Any CPU = Debug|Any CPU
		Debug|x64 = Debug|x64
		Debug|x86 = Debug|x86
		Release|Any CPU = Release|Any CPU
		Release|x64 = Release|x64
		Release|x86 = Release|x86
	EndGlobalSection
	GlobalSection(SolutionProperties) = preSolution
		HideSolutionNode = FALSE
	EndGlobalSection
	GlobalSection(ProjectConfigurationPlatforms) = postSolution
		{ED19020C-6BE0-4CFC-AFC1-44A06F839396}.Debug|Any CPU.ActiveCfg = Debug|Any CPU
		{ED19020C-6BE0-4CFC-AFC1-44A06F839396}.Debug|Any CPU.Build.0 = Debug|Any CPU
		{ED19020C-6BE0-4CFC-AFC1-44A06F839396}.Debug|x64.ActiveCfg = Debug|x64
		{ED19020C-6BE0-4CFC-AFC1-44A06F839396}.Debug|x64.Build.0 = Debug|x64
		{ED19020C-6BE0-4CFC-AFC1-44A06F839396}.Debug|x86.ActiveCfg = Debug|x86
		{ED19020C-6BE0-4CFC-AFC1-44A06F839396}.Debug|x86.Build.0 = Debug|x86
		{ED19020C-6BE0-4CFC-AFC1-44A06F839396}.Release|Any CPU.ActiveCfg = Release|Any CPU
		{ED19020C-6BE0-4CFC-AFC1-44A06F839396}.Release|Any CPU.Build.0 = Release|Any CPU
		{ED19020C-6BE0-4CFC-AFC1-44A06F839396}.Release|x64.ActiveCfg = Release|x64
		{ED19020C-6BE0-4CFC-AFC1-44A06F839396}.Release|x64.Build.0 = Release|x64
		{ED19020C-6BE0-4CFC-AFC1-44A06F839396}.Release|x86.ActiveCfg = Release|x86
		{ED19020C-6BE0-4CFC-AFC1-44A06F839396}.Release|x86.Build.0 = Release|x86
		{A8B435A1-EF70-496F-845E-894D0711F303}.Debug|Any CPU.ActiveCfg = Debug|Any CPU
		{A8B435A1-EF70-496F-845E-894D0711F303}.Debug|Any CPU.Build.0 = Debug|Any CPU
		{A8B435A1-EF70-496F-845E-894D0711F303}.Debug|x64.ActiveCfg = Debug|x64
		{A8B435A1-EF70-496F-845E-894D0711F303}.Debug|x64.Build.0 = Debug|x64
		{A8B435A1-EF70-496F-845E-894D0711F303}.Debug|x86.ActiveCfg = Debug|x86
		{A8B435A1-EF70-496F-845E-894D0711F303}.Debug|x86.Build.0 = Debug|x86
		{A8B435A1-EF70-496F-845E-894D0711F303}.Release|Any CPU.ActiveCfg = Release|Any CPU
		{A8B435A1-EF70-496F-845E-894D0711F303}.Release|Any CPU.Build.0 = Release|Any CPU
		{A8B435A1-EF70-496F-845E-894D0711F303}.Release|x64.ActiveCfg = Release|x64
		{A8B435A1-EF70-496F-845E-894D0711F303}.Release|x64.Build.0 = Release|x64
		{A8B435A1-EF70-496F-845E-894D0711F303}.Release|x86.ActiveCfg = Release|x86
		{A8B435A1-EF70-496F-845E-894D0711F303}.Release|x86.Build.0 = Release|x86
	EndGlobalSection
EndGlobal
